
Microsoft Visual Studio Solution File, Format Version 12.00
# Visual Studio 15
VisualStudioVersion = 15.0.27004.2002
MinimumVisualStudioVersion = 10.0.40219.1
Project("{FAE04EC0-301F-11D3-BF4B-00C04F79EFBC}") = "Web_RabbitMQ", "Web_RabbitMQ\Web_RabbitMQ.csproj", "{52A5A7AE-E5CC-43D0-B3D6-A6100AA046F6}"
EndProject
Project("{2150E333-8FDC-42A3-9474-1A3956D46DE8}") = "AMQP", "AMQP", "{473A9564-6838-4ECE-9B89-0DB9E7FF3177}"
EndProject
Project("{FAE04EC0-301F-11D3-BF4B-00C04F79EFBC}") = "AMQP_Common", "AMQP_Common\AMQP_Common.csproj", "{8BD7D01E-6EEC-4823-B333-AB16555745B3}"
EndProject
Project("{FAE04EC0-301F-11D3-BF4B-00C04F79EFBC}") = "AMQP_Web", "AMQP_Web\AMQP_Web.csproj", "{42957D87-3177-48F6-A95E-B5240C7644F2}"
EndProject
Project("{FAE04EC0-301F-11D3-BF4B-00C04F79EFBC}") = "Web_ProjectName_DAL", "Web_ProjectName_DAL\Web_ProjectName_DAL.csproj", "{43E64D64-BA12-44D8-98B2-33E5DCE98FE3}"
EndProject
Project("{FAE04EC0-301F-11D3-BF4B-00C04F79EFBC}") = "AMQP_Consumer", "AMQP_Consumer\AMQP_Consumer.csproj", "{F4A37048-EEB5-42A0-B9CB-F7FA0EBBB0C9}"
EndProject
Project("{FAE04EC0-301F-11D3-BF4B-00C04F79EFBC}") = "AMQP_Producer", "AMQP_Producer\AMQP_Producer.csproj", "{0220117B-1BA1-40F6-8BC1-29D9641CC8D2}"
EndProject
Project("{2150E333-8FDC-42A3-9474-1A3956D46DE8}") = "Desktop", "Desktop", "{B2A58911-991D-4179-A331-526F9823BDDB}"
EndProject
Project("{FAE04EC0-301F-11D3-BF4B-00C04F79EFBC}") = "LocalEntities", "LocalEntities\LocalEntities.csproj", "{AA04D9F5-110F-4826-A0D2-680472E66D73}"
EndProject
Global
	GlobalSection(SolutionConfigurationPlatforms) = preSolution
		Debug|Any CPU = Debug|Any CPU
		Release|Any CPU = Release|Any CPU
	EndGlobalSection
	GlobalSection(ProjectConfigurationPlatforms) = postSolution
		{52A5A7AE-E5CC-43D0-B3D6-A6100AA046F6}.Debug|Any CPU.ActiveCfg = Debug|Any CPU
		{52A5A7AE-E5CC-43D0-B3D6-A6100AA046F6}.Debug|Any CPU.Build.0 = Debug|Any CPU
		{52A5A7AE-E5CC-43D0-B3D6-A6100AA046F6}.Release|Any CPU.ActiveCfg = Release|Any CPU
		{52A5A7AE-E5CC-43D0-B3D6-A6100AA046F6}.Release|Any CPU.Build.0 = Release|Any CPU
		{8BD7D01E-6EEC-4823-B333-AB16555745B3}.Debug|Any CPU.ActiveCfg = Debug|Any CPU
		{8BD7D01E-6EEC-4823-B333-AB16555745B3}.Debug|Any CPU.Build.0 = Debug|Any CPU
		{8BD7D01E-6EEC-4823-B333-AB16555745B3}.Release|Any CPU.ActiveCfg = Release|Any CPU
		{8BD7D01E-6EEC-4823-B333-AB16555745B3}.Release|Any CPU.Build.0 = Release|Any CPU
		{42957D87-3177-48F6-A95E-B5240C7644F2}.Debug|Any CPU.ActiveCfg = Debug|Any CPU
		{42957D87-3177-48F6-A95E-B5240C7644F2}.Debug|Any CPU.Build.0 = Debug|Any CPU
		{42957D87-3177-48F6-A95E-B5240C7644F2}.Release|Any CPU.ActiveCfg = Release|Any CPU
		{42957D87-3177-48F6-A95E-B5240C7644F2}.Release|Any CPU.Build.0 = Release|Any CPU
		{43E64D64-BA12-44D8-98B2-33E5DCE98FE3}.Debug|Any CPU.ActiveCfg = Debug|Any CPU
		{43E64D64-BA12-44D8-98B2-33E5DCE98FE3}.Debug|Any CPU.Build.0 = Debug|Any CPU
		{43E64D64-BA12-44D8-98B2-33E5DCE98FE3}.Release|Any CPU.ActiveCfg = Release|Any CPU
		{43E64D64-BA12-44D8-98B2-33E5DCE98FE3}.Release|Any CPU.Build.0 = Release|Any CPU
		{F4A37048-EEB5-42A0-B9CB-F7FA0EBBB0C9}.Debug|Any CPU.ActiveCfg = Debug|Any CPU
		{F4A37048-EEB5-42A0-B9CB-F7FA0EBBB0C9}.Debug|Any CPU.Build.0 = Debug|Any CPU
		{F4A37048-EEB5-42A0-B9CB-F7FA0EBBB0C9}.Release|Any CPU.ActiveCfg = Release|Any CPU
		{F4A37048-EEB5-42A0-B9CB-F7FA0EBBB0C9}.Release|Any CPU.Build.0 = Release|Any CPU
		{0220117B-1BA1-40F6-8BC1-29D9641CC8D2}.Debug|Any CPU.ActiveCfg = Debug|Any CPU
		{0220117B-1BA1-40F6-8BC1-29D9641CC8D2}.Debug|Any CPU.Build.0 = Debug|Any CPU
		{0220117B-1BA1-40F6-8BC1-29D9641CC8D2}.Release|Any CPU.ActiveCfg = Release|Any CPU
		{0220117B-1BA1-40F6-8BC1-29D9641CC8D2}.Release|Any CPU.Build.0 = Release|Any CPU
		{AA04D9F5-110F-4826-A0D2-680472E66D73}.Debug|Any CPU.ActiveCfg = Debug|Any CPU
		{AA04D9F5-110F-4826-A0D2-680472E66D73}.Debug|Any CPU.Build.0 = Debug|Any CPU
		{AA04D9F5-110F-4826-A0D2-680472E66D73}.Release|Any CPU.ActiveCfg = Release|Any CPU
		{AA04D9F5-110F-4826-A0D2-680472E66D73}.Release|Any CPU.Build.0 = Release|Any CPU
	EndGlobalSection
	GlobalSection(SolutionProperties) = preSolution
		HideSolutionNode = FALSE
	EndGlobalSection
	GlobalSection(NestedProjects) = preSolution
		{8BD7D01E-6EEC-4823-B333-AB16555745B3} = {473A9564-6838-4ECE-9B89-0DB9E7FF3177}
		{42957D87-3177-48F6-A95E-B5240C7644F2} = {473A9564-6838-4ECE-9B89-0DB9E7FF3177}
		{F4A37048-EEB5-42A0-B9CB-F7FA0EBBB0C9} = {473A9564-6838-4ECE-9B89-0DB9E7FF3177}
		{0220117B-1BA1-40F6-8BC1-29D9641CC8D2} = {473A9564-6838-4ECE-9B89-0DB9E7FF3177}
		{AA04D9F5-110F-4826-A0D2-680472E66D73} = {B2A58911-991D-4179-A331-526F9823BDDB}
	EndGlobalSection
	GlobalSection(ExtensibilityGlobals) = postSolution
		SolutionGuid = {BDF88804-398F-4472-A46D-D7C3202D0B28}
	EndGlobalSection
EndGlobal
